
Microsoft Visual Studio Solution File, Format Version 12.00
Project("{FAE04EC0-301F-11D3-BF4B-00C04F79EFBC}") = "Ef6ConsoleApp", "Ef6ConsoleApp\Ef6ConsoleApp.csproj", "{717125D5-8E8A-475C-BD3A-5DF0CFB3781F}"
EndProject
Project("{FAE04EC0-301F-11D3-BF4B-00C04F79EFBC}") = "DatabaseTest", "DatabaseTest\DatabaseTest.csproj", "{5B614A40-F40E-4A88-BDFB-EBAF05A5F2DB}"
EndProject
Global
	GlobalSection(SolutionConfigurationPlatforms) = preSolution
		Debug|Any CPU = Debug|Any CPU
		Release|Any CPU = Release|Any CPU
	EndGlobalSection
	GlobalSection(ProjectConfigurationPlatforms) = postSolution
		{717125D5-8E8A-475C-BD3A-5DF0CFB3781F}.Debug|Any CPU.ActiveCfg = Debug|Any CPU
		{717125D5-8E8A-475C-BD3A-5DF0CFB3781F}.Debug|Any CPU.Build.0 = Debug|Any CPU
		{717125D5-8E8A-475C-BD3A-5DF0CFB3781F}.Release|Any CPU.ActiveCfg = Release|Any CPU
		{717125D5-8E8A-475C-BD3A-5DF0CFB3781F}.Release|Any CPU.Build.0 = Release|Any CPU
		{5B614A40-F40E-4A88-BDFB-EBAF05A5F2DB}.Debug|Any CPU.ActiveCfg = Debug|Any CPU
		{5B614A40-F40E-4A88-BDFB-EBAF05A5F2DB}.Debug|Any CPU.Build.0 = Debug|Any CPU
		{5B614A40-F40E-4A88-BDFB-EBAF05A5F2DB}.Release|Any CPU.ActiveCfg = Release|Any CPU
		{5B614A40-F40E-4A88-BDFB-EBAF05A5F2DB}.Release|Any CPU.Build.0 = Release|Any CPU
	EndGlobalSection
EndGlobal
